// !$*UTF8*$!
{
	archiveVersion = 1;
	classes = {
	};
	objectVersion = 56;
	objects = {

/* Begin PBXBuildFile section */
		52ED102A29D72E5E009A4890 /* LinkNavigator in Frameworks */ = {isa = PBXBuildFile; productRef = 52ED102929D72E5E009A4890 /* LinkNavigator */; };
		52ED102D29D72E7B009A4890 /* Alamofire in Frameworks */ = {isa = PBXBuildFile; productRef = 52ED102C29D72E7B009A4890 /* Alamofire */; };
		52ED103029D72FAD009A4890 /* Cosmos in Frameworks */ = {isa = PBXBuildFile; productRef = 52ED102F29D72FAD009A4890 /* Cosmos */; };
		52ED106D29D7E066009A4890 /* LaunchScreenView.swift in Sources */ = {isa = PBXBuildFile; fileRef = 52ED104829D7E066009A4890 /* LaunchScreenView.swift */; };
		52ED106E29D7E066009A4890 /* MealRouteBuilder.swift in Sources */ = {isa = PBXBuildFile; fileRef = 52ED104A29D7E066009A4890 /* MealRouteBuilder.swift */; };
		52ED106F29D7E066009A4890 /* mealModel.swift in Sources */ = {isa = PBXBuildFile; fileRef = 52ED104B29D7E066009A4890 /* mealModel.swift */; };
		52ED107029D7E066009A4890 /* MealView.swift in Sources */ = {isa = PBXBuildFile; fileRef = 52ED104C29D7E066009A4890 /* MealView.swift */; };
		52ED107129D7E066009A4890 /* SettingRouteBuilder.swift in Sources */ = {isa = PBXBuildFile; fileRef = 52ED104E29D7E066009A4890 /* SettingRouteBuilder.swift */; };
		52ED107229D7E066009A4890 /* WebView.swift in Sources */ = {isa = PBXBuildFile; fileRef = 52ED104F29D7E066009A4890 /* WebView.swift */; };
		52ED107329D7E066009A4890 /* WebViewRouteBuilder.swift in Sources */ = {isa = PBXBuildFile; fileRef = 52ED105029D7E066009A4890 /* WebViewRouteBuilder.swift */; };
		52ED107429D7E066009A4890 /* SettingView.swift in Sources */ = {isa = PBXBuildFile; fileRef = 52ED105129D7E066009A4890 /* SettingView.swift */; };
		52ED107529D7E066009A4890 /* MainModel.swift in Sources */ = {isa = PBXBuildFile; fileRef = 52ED105329D7E066009A4890 /* MainModel.swift */; };
		52ED107629D7E066009A4890 /* MainView.swift in Sources */ = {isa = PBXBuildFile; fileRef = 52ED105429D7E066009A4890 /* MainView.swift */; };
		52ED107729D7E066009A4890 /* MainRouteBuilder.swift in Sources */ = {isa = PBXBuildFile; fileRef = 52ED105529D7E066009A4890 /* MainRouteBuilder.swift */; };
		52ED107829D7E066009A4890 /* data.swift in Sources */ = {isa = PBXBuildFile; fileRef = 52ED105829D7E066009A4890 /* data.swift */; };
		52ED107929D7E066009A4890 /* API.swift in Sources */ = {isa = PBXBuildFile; fileRef = 52ED105929D7E066009A4890 /* API.swift */; };
		52ED107A29D7E066009A4890 /* Assets.xcassets in Resources */ = {isa = PBXBuildFile; fileRef = 52ED105A29D7E066009A4890 /* Assets.xcassets */; };
		52ED107B29D7E066009A4890 /* PublicFunction.swift in Sources */ = {isa = PBXBuildFile; fileRef = 52ED105D29D7E066009A4890 /* PublicFunction.swift */; };
		52ED107C29D7E066009A4890 /* Navigation.swift in Sources */ = {isa = PBXBuildFile; fileRef = 52ED105F29D7E066009A4890 /* Navigation.swift */; };
		52ED107E29D7E066009A4890 /* MealTimeView.swift in Sources */ = {isa = PBXBuildFile; fileRef = 52ED106129D7E066009A4890 /* MealTimeView.swift */; };
		52ED107F29D7E066009A4890 /* MenuView.swift in Sources */ = {isa = PBXBuildFile; fileRef = 52ED106329D7E066009A4890 /* MenuView.swift */; };
		52ED108029D7E066009A4890 /* ViewExtenstion.swift in Sources */ = {isa = PBXBuildFile; fileRef = 52ED106529D7E066009A4890 /* ViewExtenstion.swift */; };
		52ED108129D7E066009A4890 /* AppDependency.swift in Sources */ = {isa = PBXBuildFile; fileRef = 52ED106729D7E066009A4890 /* AppDependency.swift */; };
		52ED108229D7E066009A4890 /* AppDelegate.swift in Sources */ = {isa = PBXBuildFile; fileRef = 52ED106829D7E066009A4890 /* AppDelegate.swift */; };
		52ED108329D7E066009A4890 /* AppRouteGroup.swift in Sources */ = {isa = PBXBuildFile; fileRef = 52ED106929D7E066009A4890 /* AppRouteGroup.swift */; };
		52ED108429D7E066009A4890 /* AppMain.swift in Sources */ = {isa = PBXBuildFile; fileRef = 52ED106A29D7E066009A4890 /* AppMain.swift */; };
		52ED108729D7E241009A4890 /* ReviewView.swift in Sources */ = {isa = PBXBuildFile; fileRef = 52ED108629D7E241009A4890 /* ReviewView.swift */; };
		52ED108929D7E24E009A4890 /* ReviewRouteBuilder.swift in Sources */ = {isa = PBXBuildFile; fileRef = 52ED108829D7E24E009A4890 /* ReviewRouteBuilder.swift */; };
		52ED108C29D7E2BC009A4890 /* RankingView.swift in Sources */ = {isa = PBXBuildFile; fileRef = 52ED108B29D7E2BC009A4890 /* RankingView.swift */; };
		52ED108E29D7E2C6009A4890 /* RankingRouteBuilder.swift in Sources */ = {isa = PBXBuildFile; fileRef = 52ED108D29D7E2C6009A4890 /* RankingRouteBuilder.swift */; };
		52ED109029D7E2CE009A4890 /* RankingModel.swift in Sources */ = {isa = PBXBuildFile; fileRef = 52ED108F29D7E2CE009A4890 /* RankingModel.swift */; };
		52ED109329D7EF3B009A4890 /* CommentView.swift in Sources */ = {isa = PBXBuildFile; fileRef = 52ED109229D7EF3B009A4890 /* CommentView.swift */; };
		52ED109629D7FE67009A4890 /* MyCosmosView.swift in Sources */ = {isa = PBXBuildFile; fileRef = 52ED109529D7FE67009A4890 /* MyCosmosView.swift */; };
		52ED109829D8062B009A4890 /* CommentModel.swift in Sources */ = {isa = PBXBuildFile; fileRef = 52ED109729D8062B009A4890 /* CommentModel.swift */; };
		52ED109C29D83B86009A4890 /* NavigationExtensions.swift in Sources */ = {isa = PBXBuildFile; fileRef = 52ED109B29D83B86009A4890 /* NavigationExtensions.swift */; };
		52ED109E29D847E9009A4890 /* ReviewModel.swift in Sources */ = {isa = PBXBuildFile; fileRef = 52ED109D29D847E9009A4890 /* ReviewModel.swift */; };
/* End PBXBuildFile section */

/* Begin PBXFileReference section */
		52ED0FE729D72E29009A4890 /* Daechelin-Guide-iOS-V2.app */ = {isa = PBXFileReference; explicitFileType = wrapper.application; includeInIndex = 0; path = "Daechelin-Guide-iOS-V2.app"; sourceTree = BUILT_PRODUCTS_DIR; };
		52ED104829D7E066009A4890 /* LaunchScreenView.swift */ = {isa = PBXFileReference; fileEncoding = 4; lastKnownFileType = sourcecode.swift; path = LaunchScreenView.swift; sourceTree = "<group>"; };
		52ED104A29D7E066009A4890 /* MealRouteBuilder.swift */ = {isa = PBXFileReference; fileEncoding = 4; lastKnownFileType = sourcecode.swift; path = MealRouteBuilder.swift; sourceTree = "<group>"; };
		52ED104B29D7E066009A4890 /* mealModel.swift */ = {isa = PBXFileReference; fileEncoding = 4; lastKnownFileType = sourcecode.swift; path = mealModel.swift; sourceTree = "<group>"; };
		52ED104C29D7E066009A4890 /* MealView.swift */ = {isa = PBXFileReference; fileEncoding = 4; lastKnownFileType = sourcecode.swift; path = MealView.swift; sourceTree = "<group>"; };
		52ED104E29D7E066009A4890 /* SettingRouteBuilder.swift */ = {isa = PBXFileReference; fileEncoding = 4; lastKnownFileType = sourcecode.swift; path = SettingRouteBuilder.swift; sourceTree = "<group>"; };
		52ED104F29D7E066009A4890 /* WebView.swift */ = {isa = PBXFileReference; fileEncoding = 4; lastKnownFileType = sourcecode.swift; path = WebView.swift; sourceTree = "<group>"; };
		52ED105029D7E066009A4890 /* WebViewRouteBuilder.swift */ = {isa = PBXFileReference; fileEncoding = 4; lastKnownFileType = sourcecode.swift; path = WebViewRouteBuilder.swift; sourceTree = "<group>"; };
		52ED105129D7E066009A4890 /* SettingView.swift */ = {isa = PBXFileReference; fileEncoding = 4; lastKnownFileType = sourcecode.swift; path = SettingView.swift; sourceTree = "<group>"; };
		52ED105329D7E066009A4890 /* MainModel.swift */ = {isa = PBXFileReference; fileEncoding = 4; lastKnownFileType = sourcecode.swift; path = MainModel.swift; sourceTree = "<group>"; };
		52ED105429D7E066009A4890 /* MainView.swift */ = {isa = PBXFileReference; fileEncoding = 4; lastKnownFileType = sourcecode.swift; path = MainView.swift; sourceTree = "<group>"; };
		52ED105529D7E066009A4890 /* MainRouteBuilder.swift */ = {isa = PBXFileReference; fileEncoding = 4; lastKnownFileType = sourcecode.swift; path = MainRouteBuilder.swift; sourceTree = "<group>"; };
		52ED105829D7E066009A4890 /* data.swift */ = {isa = PBXFileReference; fileEncoding = 4; lastKnownFileType = sourcecode.swift; path = data.swift; sourceTree = "<group>"; };
		52ED105929D7E066009A4890 /* API.swift */ = {isa = PBXFileReference; fileEncoding = 4; lastKnownFileType = sourcecode.swift; path = API.swift; sourceTree = "<group>"; };
		52ED105A29D7E066009A4890 /* Assets.xcassets */ = {isa = PBXFileReference; lastKnownFileType = folder.assetcatalog; path = Assets.xcassets; sourceTree = "<group>"; };
		52ED105D29D7E066009A4890 /* PublicFunction.swift */ = {isa = PBXFileReference; fileEncoding = 4; lastKnownFileType = sourcecode.swift; path = PublicFunction.swift; sourceTree = "<group>"; };
		52ED105F29D7E066009A4890 /* Navigation.swift */ = {isa = PBXFileReference; fileEncoding = 4; lastKnownFileType = sourcecode.swift; path = Navigation.swift; sourceTree = "<group>"; };
		52ED106129D7E066009A4890 /* MealTimeView.swift */ = {isa = PBXFileReference; fileEncoding = 4; lastKnownFileType = sourcecode.swift; path = MealTimeView.swift; sourceTree = "<group>"; };
		52ED106329D7E066009A4890 /* MenuView.swift */ = {isa = PBXFileReference; fileEncoding = 4; lastKnownFileType = sourcecode.swift; path = MenuView.swift; sourceTree = "<group>"; };
		52ED106529D7E066009A4890 /* ViewExtenstion.swift */ = {isa = PBXFileReference; fileEncoding = 4; lastKnownFileType = sourcecode.swift; path = ViewExtenstion.swift; sourceTree = "<group>"; };
		52ED106729D7E066009A4890 /* AppDependency.swift */ = {isa = PBXFileReference; fileEncoding = 4; lastKnownFileType = sourcecode.swift; path = AppDependency.swift; sourceTree = "<group>"; };
		52ED106829D7E066009A4890 /* AppDelegate.swift */ = {isa = PBXFileReference; fileEncoding = 4; lastKnownFileType = sourcecode.swift; path = AppDelegate.swift; sourceTree = "<group>"; };
		52ED106929D7E066009A4890 /* AppRouteGroup.swift */ = {isa = PBXFileReference; fileEncoding = 4; lastKnownFileType = sourcecode.swift; path = AppRouteGroup.swift; sourceTree = "<group>"; };
		52ED106A29D7E066009A4890 /* AppMain.swift */ = {isa = PBXFileReference; fileEncoding = 4; lastKnownFileType = sourcecode.swift; path = AppMain.swift; sourceTree = "<group>"; };
		52ED108629D7E241009A4890 /* ReviewView.swift */ = {isa = PBXFileReference; lastKnownFileType = sourcecode.swift; path = ReviewView.swift; sourceTree = "<group>"; };
		52ED108829D7E24E009A4890 /* ReviewRouteBuilder.swift */ = {isa = PBXFileReference; lastKnownFileType = sourcecode.swift; path = ReviewRouteBuilder.swift; sourceTree = "<group>"; };
		52ED108B29D7E2BC009A4890 /* RankingView.swift */ = {isa = PBXFileReference; lastKnownFileType = sourcecode.swift; path = RankingView.swift; sourceTree = "<group>"; };
		52ED108D29D7E2C6009A4890 /* RankingRouteBuilder.swift */ = {isa = PBXFileReference; lastKnownFileType = sourcecode.swift; path = RankingRouteBuilder.swift; sourceTree = "<group>"; };
		52ED108F29D7E2CE009A4890 /* RankingModel.swift */ = {isa = PBXFileReference; lastKnownFileType = sourcecode.swift; path = RankingModel.swift; sourceTree = "<group>"; };
		52ED109229D7EF3B009A4890 /* CommentView.swift */ = {isa = PBXFileReference; lastKnownFileType = sourcecode.swift; path = CommentView.swift; sourceTree = "<group>"; };
		52ED109529D7FE67009A4890 /* MyCosmosView.swift */ = {isa = PBXFileReference; lastKnownFileType = sourcecode.swift; path = MyCosmosView.swift; sourceTree = "<group>"; };
		52ED109729D8062B009A4890 /* CommentModel.swift */ = {isa = PBXFileReference; lastKnownFileType = sourcecode.swift; path = CommentModel.swift; sourceTree = "<group>"; };
		52ED109B29D83B86009A4890 /* NavigationExtensions.swift */ = {isa = PBXFileReference; lastKnownFileType = sourcecode.swift; path = NavigationExtensions.swift; sourceTree = "<group>"; };
		52ED109D29D847E9009A4890 /* ReviewModel.swift */ = {isa = PBXFileReference; lastKnownFileType = sourcecode.swift; path = ReviewModel.swift; sourceTree = "<group>"; };
/* End PBXFileReference section */

/* Begin PBXFrameworksBuildPhase section */
		52ED0FE429D72E29009A4890 /* Frameworks */ = {
			isa = PBXFrameworksBuildPhase;
			buildActionMask = 2147483647;
			files = (
				52ED103029D72FAD009A4890 /* Cosmos in Frameworks */,
				52ED102A29D72E5E009A4890 /* LinkNavigator in Frameworks */,
				52ED102D29D72E7B009A4890 /* Alamofire in Frameworks */,
			);
			runOnlyForDeploymentPostprocessing = 0;
		};
/* End PBXFrameworksBuildPhase section */

/* Begin PBXGroup section */
		52ED0FDE29D72E29009A4890 = {
			isa = PBXGroup;
			children = (
				52ED0FE929D72E29009A4890 /* Daechelin-Guide-iOS-V2 */,
				52ED0FE829D72E29009A4890 /* Products */,
			);
			sourceTree = "<group>";
		};
		52ED0FE829D72E29009A4890 /* Products */ = {
			isa = PBXGroup;
			children = (
				52ED0FE729D72E29009A4890 /* Daechelin-Guide-iOS-V2.app */,
			);
			name = Products;
			sourceTree = "<group>";
		};
		52ED0FE929D72E29009A4890 /* Daechelin-Guide-iOS-V2 */ = {
			isa = PBXGroup;
			children = (
				52ED105629D7E066009A4890 /* Resources */,
				52ED104329D7E066009A4890 /* Sources */,
			);
			path = "Daechelin-Guide-iOS-V2";
			sourceTree = "<group>";
		};
		52ED104329D7E066009A4890 /* Sources */ = {
			isa = PBXGroup;
			children = (
				52ED104429D7E066009A4890 /* LaunchScreen */,
				52ED105229D7E066009A4890 /* Main */,
				52ED104929D7E066009A4890 /* Meal */,
				52ED108529D7E21C009A4890 /* Review */,
				52ED108A29D7E2B2009A4890 /* Ranking */,
				52ED104D29D7E066009A4890 /* Setting */,
				52ED109129D7E34B009A4890 /* Web */,
			);
			path = Sources;
			sourceTree = "<group>";
		};
		52ED104429D7E066009A4890 /* LaunchScreen */ = {
			isa = PBXGroup;
			children = (
				52ED104829D7E066009A4890 /* LaunchScreenView.swift */,
			);
			path = LaunchScreen;
			sourceTree = "<group>";
		};
		52ED104929D7E066009A4890 /* Meal */ = {
			isa = PBXGroup;
			children = (
				52ED104C29D7E066009A4890 /* MealView.swift */,
				52ED104A29D7E066009A4890 /* MealRouteBuilder.swift */,
				52ED104B29D7E066009A4890 /* mealModel.swift */,
				52ED109429D7EF3E009A4890 /* Comment */,
			);
			path = Meal;
			sourceTree = "<group>";
		};
		52ED104D29D7E066009A4890 /* Setting */ = {
			isa = PBXGroup;
			children = (
				52ED105129D7E066009A4890 /* SettingView.swift */,
				52ED104E29D7E066009A4890 /* SettingRouteBuilder.swift */,
			);
			path = Setting;
			sourceTree = "<group>";
		};
		52ED105229D7E066009A4890 /* Main */ = {
			isa = PBXGroup;
			children = (
				52ED105429D7E066009A4890 /* MainView.swift */,
				52ED105529D7E066009A4890 /* MainRouteBuilder.swift */,
				52ED105329D7E066009A4890 /* MainModel.swift */,
			);
			path = Main;
			sourceTree = "<group>";
		};
		52ED105629D7E066009A4890 /* Resources */ = {
			isa = PBXGroup;
			children = (
				52ED105A29D7E066009A4890 /* Assets.xcassets */,
				52ED106629D7E066009A4890 /* Navigator */,
				52ED105729D7E066009A4890 /* Network */,
				52ED105B29D7E066009A4890 /* Components */,
				52ED106429D7E066009A4890 /* Extentions */,
				52ED105C29D7E066009A4890 /* Functions */,
			);
			path = Resources;
			sourceTree = "<group>";
		};
		52ED105729D7E066009A4890 /* Network */ = {
			isa = PBXGroup;
			children = (
				52ED105829D7E066009A4890 /* data.swift */,
				52ED105929D7E066009A4890 /* API.swift */,
			);
			path = Network;
			sourceTree = "<group>";
		};
		52ED105B29D7E066009A4890 /* Components */ = {
			isa = PBXGroup;
			children = (
				52ED105E29D7E066009A4890 /* Views */,
			);
			path = Components;
			sourceTree = "<group>";
		};
		52ED105C29D7E066009A4890 /* Functions */ = {
			isa = PBXGroup;
			children = (
				52ED105D29D7E066009A4890 /* PublicFunction.swift */,
			);
			path = Functions;
			sourceTree = "<group>";
		};
		52ED105E29D7E066009A4890 /* Views */ = {
			isa = PBXGroup;
			children = (
				52ED106129D7E066009A4890 /* MealTimeView.swift */,
				52ED106329D7E066009A4890 /* MenuView.swift */,
				52ED105F29D7E066009A4890 /* Navigation.swift */,
				52ED109529D7FE67009A4890 /* MyCosmosView.swift */,
			);
			path = Views;
			sourceTree = "<group>";
		};
		52ED106429D7E066009A4890 /* Extentions */ = {
			isa = PBXGroup;
			children = (
				52ED106529D7E066009A4890 /* ViewExtenstion.swift */,
				52ED109B29D83B86009A4890 /* NavigationExtensions.swift */,
			);
			path = Extentions;
			sourceTree = "<group>";
		};
		52ED106629D7E066009A4890 /* Navigator */ = {
			isa = PBXGroup;
			children = (
				52ED106729D7E066009A4890 /* AppDependency.swift */,
				52ED106829D7E066009A4890 /* AppDelegate.swift */,
				52ED106929D7E066009A4890 /* AppRouteGroup.swift */,
				52ED106A29D7E066009A4890 /* AppMain.swift */,
			);
			path = Navigator;
			sourceTree = "<group>";
		};
		52ED108529D7E21C009A4890 /* Review */ = {
			isa = PBXGroup;
			children = (
				52ED108629D7E241009A4890 /* ReviewView.swift */,
				52ED108829D7E24E009A4890 /* ReviewRouteBuilder.swift */,
				52ED109D29D847E9009A4890 /* ReviewModel.swift */,
			);
			path = Review;
			sourceTree = "<group>";
		};
		52ED108A29D7E2B2009A4890 /* Ranking */ = {
			isa = PBXGroup;
			children = (
				52ED108B29D7E2BC009A4890 /* RankingView.swift */,
				52ED108D29D7E2C6009A4890 /* RankingRouteBuilder.swift */,
				52ED108F29D7E2CE009A4890 /* RankingModel.swift */,
			);
			path = Ranking;
			sourceTree = "<group>";
		};
		52ED109129D7E34B009A4890 /* Web */ = {
			isa = PBXGroup;
			children = (
				52ED104F29D7E066009A4890 /* WebView.swift */,
				52ED105029D7E066009A4890 /* WebViewRouteBuilder.swift */,
			);
			path = Web;
			sourceTree = "<group>";
		};
		52ED109429D7EF3E009A4890 /* Comment */ = {
			isa = PBXGroup;
			children = (
				52ED109229D7EF3B009A4890 /* CommentView.swift */,
				52ED109729D8062B009A4890 /* CommentModel.swift */,
			);
			path = Comment;
			sourceTree = "<group>";
		};
/* End PBXGroup section */

/* Begin PBXNativeTarget section */
		52ED0FE629D72E29009A4890 /* Daechelin-Guide-iOS-V2 */ = {
			isa = PBXNativeTarget;
			buildConfigurationList = 52ED0FF529D72E2A009A4890 /* Build configuration list for PBXNativeTarget "Daechelin-Guide-iOS-V2" */;
			buildPhases = (
				52ED0FE329D72E29009A4890 /* Sources */,
				52ED0FE429D72E29009A4890 /* Frameworks */,
				52ED0FE529D72E29009A4890 /* Resources */,
			);
			buildRules = (
			);
			dependencies = (
			);
			name = "Daechelin-Guide-iOS-V2";
			packageProductDependencies = (
				52ED102929D72E5E009A4890 /* LinkNavigator */,
				52ED102C29D72E7B009A4890 /* Alamofire */,
				52ED102F29D72FAD009A4890 /* Cosmos */,
			);
			productName = "Daechelin-Guide-iOS-V2";
			productReference = 52ED0FE729D72E29009A4890 /* Daechelin-Guide-iOS-V2.app */;
			productType = "com.apple.product-type.application";
		};
/* End PBXNativeTarget section */

/* Begin PBXProject section */
		52ED0FDF29D72E29009A4890 /* Project object */ = {
			isa = PBXProject;
			attributes = {
				BuildIndependentTargetsInParallel = 1;
				LastSwiftUpdateCheck = 1420;
				LastUpgradeCheck = 1420;
				TargetAttributes = {
					52ED0FE629D72E29009A4890 = {
						CreatedOnToolsVersion = 14.2;
					};
				};
			};
			buildConfigurationList = 52ED0FE229D72E29009A4890 /* Build configuration list for PBXProject "Daechelin-Guide-iOS-V2" */;
			compatibilityVersion = "Xcode 14.0";
			developmentRegion = en;
			hasScannedForEncodings = 0;
			knownRegions = (
				en,
				Base,
			);
			mainGroup = 52ED0FDE29D72E29009A4890;
			packageReferences = (
				52ED102829D72E5E009A4890 /* XCRemoteSwiftPackageReference "LinkNavigator" */,
				52ED102B29D72E7B009A4890 /* XCRemoteSwiftPackageReference "Alamofire" */,
				52ED102E29D72FAD009A4890 /* XCRemoteSwiftPackageReference "Cosmos" */,
			);
			productRefGroup = 52ED0FE829D72E29009A4890 /* Products */;
			projectDirPath = "";
			projectRoot = "";
			targets = (
				52ED0FE629D72E29009A4890 /* Daechelin-Guide-iOS-V2 */,
			);
		};
/* End PBXProject section */

/* Begin PBXResourcesBuildPhase section */
		52ED0FE529D72E29009A4890 /* Resources */ = {
			isa = PBXResourcesBuildPhase;
			buildActionMask = 2147483647;
			files = (
				52ED107A29D7E066009A4890 /* Assets.xcassets in Resources */,
			);
			runOnlyForDeploymentPostprocessing = 0;
		};
/* End PBXResourcesBuildPhase section */

/* Begin PBXSourcesBuildPhase section */
		52ED0FE329D72E29009A4890 /* Sources */ = {
			isa = PBXSourcesBuildPhase;
			buildActionMask = 2147483647;
			files = (
				52ED109029D7E2CE009A4890 /* RankingModel.swift in Sources */,
				52ED108129D7E066009A4890 /* AppDependency.swift in Sources */,
				52ED107629D7E066009A4890 /* MainView.swift in Sources */,
				52ED108329D7E066009A4890 /* AppRouteGroup.swift in Sources */,
				52ED107E29D7E066009A4890 /* MealTimeView.swift in Sources */,
				52ED108029D7E066009A4890 /* ViewExtenstion.swift in Sources */,
				52ED107429D7E066009A4890 /* SettingView.swift in Sources */,
				52ED109329D7EF3B009A4890 /* CommentView.swift in Sources */,
				52ED109E29D847E9009A4890 /* ReviewModel.swift in Sources */,
				52ED108929D7E24E009A4890 /* ReviewRouteBuilder.swift in Sources */,
				52ED107229D7E066009A4890 /* WebView.swift in Sources */,
				52ED109829D8062B009A4890 /* CommentModel.swift in Sources */,
				52ED107F29D7E066009A4890 /* MenuView.swift in Sources */,
				52ED107B29D7E066009A4890 /* PublicFunction.swift in Sources */,
				52ED107929D7E066009A4890 /* API.swift in Sources */,
				52ED107829D7E066009A4890 /* data.swift in Sources */,
				52ED107C29D7E066009A4890 /* Navigation.swift in Sources */,
				52ED108429D7E066009A4890 /* AppMain.swift in Sources */,
				52ED106E29D7E066009A4890 /* MealRouteBuilder.swift in Sources */,
				52ED107729D7E066009A4890 /* MainRouteBuilder.swift in Sources */,
				52ED108729D7E241009A4890 /* ReviewView.swift in Sources */,
				52ED109C29D83B86009A4890 /* NavigationExtensions.swift in Sources */,
				52ED106D29D7E066009A4890 /* LaunchScreenView.swift in Sources */,
				52ED108C29D7E2BC009A4890 /* RankingView.swift in Sources */,
				52ED107529D7E066009A4890 /* MainModel.swift in Sources */,
				52ED107129D7E066009A4890 /* SettingRouteBuilder.swift in Sources */,
				52ED106F29D7E066009A4890 /* mealModel.swift in Sources */,
				52ED107329D7E066009A4890 /* WebViewRouteBuilder.swift in Sources */,
				52ED108E29D7E2C6009A4890 /* RankingRouteBuilder.swift in Sources */,
				52ED107029D7E066009A4890 /* MealView.swift in Sources */,
				52ED109629D7FE67009A4890 /* MyCosmosView.swift in Sources */,
				52ED108229D7E066009A4890 /* AppDelegate.swift in Sources */,
			);
			runOnlyForDeploymentPostprocessing = 0;
		};
/* End PBXSourcesBuildPhase section */

/* Begin XCBuildConfiguration section */
		52ED0FF329D72E2A009A4890 /* Debug */ = {
			isa = XCBuildConfiguration;
			buildSettings = {
				ALWAYS_SEARCH_USER_PATHS = NO;
				CLANG_ANALYZER_NONNULL = YES;
				CLANG_ANALYZER_NUMBER_OBJECT_CONVERSION = YES_AGGRESSIVE;
				CLANG_CXX_LANGUAGE_STANDARD = "gnu++20";
				CLANG_ENABLE_MODULES = YES;
				CLANG_ENABLE_OBJC_ARC = YES;
				CLANG_ENABLE_OBJC_WEAK = YES;
				CLANG_WARN_BLOCK_CAPTURE_AUTORELEASING = YES;
				CLANG_WARN_BOOL_CONVERSION = YES;
				CLANG_WARN_COMMA = YES;
				CLANG_WARN_CONSTANT_CONVERSION = YES;
				CLANG_WARN_DEPRECATED_OBJC_IMPLEMENTATIONS = YES;
				CLANG_WARN_DIRECT_OBJC_ISA_USAGE = YES_ERROR;
				CLANG_WARN_DOCUMENTATION_COMMENTS = YES;
				CLANG_WARN_EMPTY_BODY = YES;
				CLANG_WARN_ENUM_CONVERSION = YES;
				CLANG_WARN_INFINITE_RECURSION = YES;
				CLANG_WARN_INT_CONVERSION = YES;
				CLANG_WARN_NON_LITERAL_NULL_CONVERSION = YES;
				CLANG_WARN_OBJC_IMPLICIT_RETAIN_SELF = YES;
				CLANG_WARN_OBJC_LITERAL_CONVERSION = YES;
				CLANG_WARN_OBJC_ROOT_CLASS = YES_ERROR;
				CLANG_WARN_QUOTED_INCLUDE_IN_FRAMEWORK_HEADER = YES;
				CLANG_WARN_RANGE_LOOP_ANALYSIS = YES;
				CLANG_WARN_STRICT_PROTOTYPES = YES;
				CLANG_WARN_SUSPICIOUS_MOVE = YES;
				CLANG_WARN_UNGUARDED_AVAILABILITY = YES_AGGRESSIVE;
				CLANG_WARN_UNREACHABLE_CODE = YES;
				CLANG_WARN__DUPLICATE_METHOD_MATCH = YES;
				COPY_PHASE_STRIP = NO;
				DEBUG_INFORMATION_FORMAT = dwarf;
				ENABLE_STRICT_OBJC_MSGSEND = YES;
				ENABLE_TESTABILITY = YES;
				GCC_C_LANGUAGE_STANDARD = gnu11;
				GCC_DYNAMIC_NO_PIC = NO;
				GCC_NO_COMMON_BLOCKS = YES;
				GCC_OPTIMIZATION_LEVEL = 0;
				GCC_PREPROCESSOR_DEFINITIONS = (
					"DEBUG=1",
					"$(inherited)",
				);
				GCC_WARN_64_TO_32_BIT_CONVERSION = YES;
				GCC_WARN_ABOUT_RETURN_TYPE = YES_ERROR;
				GCC_WARN_UNDECLARED_SELECTOR = YES;
				GCC_WARN_UNINITIALIZED_AUTOS = YES_AGGRESSIVE;
				GCC_WARN_UNUSED_FUNCTION = YES;
				GCC_WARN_UNUSED_VARIABLE = YES;
				IPHONEOS_DEPLOYMENT_TARGET = 16.2;
				MTL_ENABLE_DEBUG_INFO = INCLUDE_SOURCE;
				MTL_FAST_MATH = YES;
				ONLY_ACTIVE_ARCH = YES;
				SDKROOT = iphoneos;
				SWIFT_ACTIVE_COMPILATION_CONDITIONS = DEBUG;
				SWIFT_OPTIMIZATION_LEVEL = "-Onone";
			};
			name = Debug;
		};
		52ED0FF429D72E2A009A4890 /* Release */ = {
			isa = XCBuildConfiguration;
			buildSettings = {
				ALWAYS_SEARCH_USER_PATHS = NO;
				CLANG_ANALYZER_NONNULL = YES;
				CLANG_ANALYZER_NUMBER_OBJECT_CONVERSION = YES_AGGRESSIVE;
				CLANG_CXX_LANGUAGE_STANDARD = "gnu++20";
				CLANG_ENABLE_MODULES = YES;
				CLANG_ENABLE_OBJC_ARC = YES;
				CLANG_ENABLE_OBJC_WEAK = YES;
				CLANG_WARN_BLOCK_CAPTURE_AUTORELEASING = YES;
				CLANG_WARN_BOOL_CONVERSION = YES;
				CLANG_WARN_COMMA = YES;
				CLANG_WARN_CONSTANT_CONVERSION = YES;
				CLANG_WARN_DEPRECATED_OBJC_IMPLEMENTATIONS = YES;
				CLANG_WARN_DIRECT_OBJC_ISA_USAGE = YES_ERROR;
				CLANG_WARN_DOCUMENTATION_COMMENTS = YES;
				CLANG_WARN_EMPTY_BODY = YES;
				CLANG_WARN_ENUM_CONVERSION = YES;
				CLANG_WARN_INFINITE_RECURSION = YES;
				CLANG_WARN_INT_CONVERSION = YES;
				CLANG_WARN_NON_LITERAL_NULL_CONVERSION = YES;
				CLANG_WARN_OBJC_IMPLICIT_RETAIN_SELF = YES;
				CLANG_WARN_OBJC_LITERAL_CONVERSION = YES;
				CLANG_WARN_OBJC_ROOT_CLASS = YES_ERROR;
				CLANG_WARN_QUOTED_INCLUDE_IN_FRAMEWORK_HEADER = YES;
				CLANG_WARN_RANGE_LOOP_ANALYSIS = YES;
				CLANG_WARN_STRICT_PROTOTYPES = YES;
				CLANG_WARN_SUSPICIOUS_MOVE = YES;
				CLANG_WARN_UNGUARDED_AVAILABILITY = YES_AGGRESSIVE;
				CLANG_WARN_UNREACHABLE_CODE = YES;
				CLANG_WARN__DUPLICATE_METHOD_MATCH = YES;
				COPY_PHASE_STRIP = NO;
				DEBUG_INFORMATION_FORMAT = "dwarf-with-dsym";
				ENABLE_NS_ASSERTIONS = NO;
				ENABLE_STRICT_OBJC_MSGSEND = YES;
				GCC_C_LANGUAGE_STANDARD = gnu11;
				GCC_NO_COMMON_BLOCKS = YES;
				GCC_WARN_64_TO_32_BIT_CONVERSION = YES;
				GCC_WARN_ABOUT_RETURN_TYPE = YES_ERROR;
				GCC_WARN_UNDECLARED_SELECTOR = YES;
				GCC_WARN_UNINITIALIZED_AUTOS = YES_AGGRESSIVE;
				GCC_WARN_UNUSED_FUNCTION = YES;
				GCC_WARN_UNUSED_VARIABLE = YES;
				IPHONEOS_DEPLOYMENT_TARGET = 16.2;
				MTL_ENABLE_DEBUG_INFO = NO;
				MTL_FAST_MATH = YES;
				SDKROOT = iphoneos;
				SWIFT_COMPILATION_MODE = wholemodule;
				SWIFT_OPTIMIZATION_LEVEL = "-O";
				VALIDATE_PRODUCT = YES;
			};
			name = Release;
		};
		52ED0FF629D72E2A009A4890 /* Debug */ = {
			isa = XCBuildConfiguration;
			buildSettings = {
				ASSETCATALOG_COMPILER_APPICON_NAME = AppIcon;
				ASSETCATALOG_COMPILER_GLOBAL_ACCENT_COLOR_NAME = AccentColor;
				CODE_SIGN_STYLE = Automatic;
				CURRENT_PROJECT_VERSION = 1;
				DEVELOPMENT_TEAM = H4CNC953L3;
				ENABLE_PREVIEWS = YES;
				GENERATE_INFOPLIST_FILE = YES;
				INFOPLIST_KEY_UIApplicationSceneManifest_Generation = YES;
				INFOPLIST_KEY_UIApplicationSupportsIndirectInputEvents = YES;
				INFOPLIST_KEY_UILaunchScreen_Generation = YES;
				INFOPLIST_KEY_UISupportedInterfaceOrientations_iPad = "UIInterfaceOrientationPortrait UIInterfaceOrientationPortraitUpsideDown UIInterfaceOrientationLandscapeLeft UIInterfaceOrientationLandscapeRight";
				INFOPLIST_KEY_UISupportedInterfaceOrientations_iPhone = "UIInterfaceOrientationPortrait UIInterfaceOrientationLandscapeLeft UIInterfaceOrientationLandscapeRight";
				LD_RUNPATH_SEARCH_PATHS = (
					"$(inherited)",
					"@executable_path/Frameworks",
				);
				MARKETING_VERSION = 1.0;
				PRODUCT_BUNDLE_IDENTIFIER = "kr.dgsw.mingyu.Daechelin-Guide-iOS-V2";
				PRODUCT_NAME = "$(TARGET_NAME)";
				SWIFT_EMIT_LOC_STRINGS = YES;
				SWIFT_VERSION = 5.0;
				TARGETED_DEVICE_FAMILY = "1,2";
			};
			name = Debug;
		};
		52ED0FF729D72E2A009A4890 /* Release */ = {
			isa = XCBuildConfiguration;
			buildSettings = {
				ASSETCATALOG_COMPILER_APPICON_NAME = AppIcon;
				ASSETCATALOG_COMPILER_GLOBAL_ACCENT_COLOR_NAME = AccentColor;
				CODE_SIGN_STYLE = Automatic;
				CURRENT_PROJECT_VERSION = 1;
				DEVELOPMENT_TEAM = H4CNC953L3;
				ENABLE_PREVIEWS = YES;
				GENERATE_INFOPLIST_FILE = YES;
				INFOPLIST_KEY_UIApplicationSceneManifest_Generation = YES;
				INFOPLIST_KEY_UIApplicationSupportsIndirectInputEvents = YES;
				INFOPLIST_KEY_UILaunchScreen_Generation = YES;
				INFOPLIST_KEY_UISupportedInterfaceOrientations_iPad = "UIInterfaceOrientationPortrait UIInterfaceOrientationPortraitUpsideDown UIInterfaceOrientationLandscapeLeft UIInterfaceOrientationLandscapeRight";
				INFOPLIST_KEY_UISupportedInterfaceOrientations_iPhone = "UIInterfaceOrientationPortrait UIInterfaceOrientationLandscapeLeft UIInterfaceOrientationLandscapeRight";
				LD_RUNPATH_SEARCH_PATHS = (
					"$(inherited)",
					"@executable_path/Frameworks",
				);
				MARKETING_VERSION = 1.0;
				PRODUCT_BUNDLE_IDENTIFIER = "kr.dgsw.mingyu.Daechelin-Guide-iOS-V2";
				PRODUCT_NAME = "$(TARGET_NAME)";
				SWIFT_EMIT_LOC_STRINGS = YES;
				SWIFT_VERSION = 5.0;
				TARGETED_DEVICE_FAMILY = "1,2";
			};
			name = Release;
		};
/* End XCBuildConfiguration section */

/* Begin XCConfigurationList section */
		52ED0FE229D72E29009A4890 /* Build configuration list for PBXProject "Daechelin-Guide-iOS-V2" */ = {
			isa = XCConfigurationList;
			buildConfigurations = (
				52ED0FF329D72E2A009A4890 /* Debug */,
				52ED0FF429D72E2A009A4890 /* Release */,
			);
			defaultConfigurationIsVisible = 0;
			defaultConfigurationName = Release;
		};
		52ED0FF529D72E2A009A4890 /* Build configuration list for PBXNativeTarget "Daechelin-Guide-iOS-V2" */ = {
			isa = XCConfigurationList;
			buildConfigurations = (
				52ED0FF629D72E2A009A4890 /* Debug */,
				52ED0FF729D72E2A009A4890 /* Release */,
			);
			defaultConfigurationIsVisible = 0;
			defaultConfigurationName = Release;
		};
/* End XCConfigurationList section */

/* Begin XCRemoteSwiftPackageReference section */
		52ED102829D72E5E009A4890 /* XCRemoteSwiftPackageReference "LinkNavigator" */ = {
			isa = XCRemoteSwiftPackageReference;
			repositoryURL = "https://github.com/interactord/LinkNavigator";
			requirement = {
				kind = upToNextMajorVersion;
				minimumVersion = 0.6.2;
			};
		};
		52ED102B29D72E7B009A4890 /* XCRemoteSwiftPackageReference "Alamofire" */ = {
			isa = XCRemoteSwiftPackageReference;
			repositoryURL = "https://github.com/Alamofire/Alamofire";
			requirement = {
				branch = master;
				kind = branch;
			};
		};
		52ED102E29D72FAD009A4890 /* XCRemoteSwiftPackageReference "Cosmos" */ = {
			isa = XCRemoteSwiftPackageReference;
			repositoryURL = "https://github.com/evgenyneu/Cosmos";
			requirement = {
				kind = upToNextMajorVersion;
				minimumVersion = 23.0.0;
			};
		};
/* End XCRemoteSwiftPackageReference section */

/* Begin XCSwiftPackageProductDependency section */
		52ED102929D72E5E009A4890 /* LinkNavigator */ = {
			isa = XCSwiftPackageProductDependency;
			package = 52ED102829D72E5E009A4890 /* XCRemoteSwiftPackageReference "LinkNavigator" */;
			productName = LinkNavigator;
		};
		52ED102C29D72E7B009A4890 /* Alamofire */ = {
			isa = XCSwiftPackageProductDependency;
			package = 52ED102B29D72E7B009A4890 /* XCRemoteSwiftPackageReference "Alamofire" */;
			productName = Alamofire;
		};
		52ED102F29D72FAD009A4890 /* Cosmos */ = {
			isa = XCSwiftPackageProductDependency;
			package = 52ED102E29D72FAD009A4890 /* XCRemoteSwiftPackageReference "Cosmos" */;
			productName = Cosmos;
		};
/* End XCSwiftPackageProductDependency section */
	};
	rootObject = 52ED0FDF29D72E29009A4890 /* Project object */;
}
